
Microsoft Visual Studio Solution File, Format Version 12.00
# Visual Studio 15
VisualStudioVersion = 15.0.27428.2005
MinimumVisualStudioVersion = 10.0.40219.1
Project("{00D1A9C2-B5F0-4AF3-8072-F6C62B433612}") = "LegoPartTrackerDatabase", "LegoPartTrackerDatabase\LegoPartTrackerDatabase.sqlproj", "{FBAC7072-D7D5-492F-9F73-F7DA091C229F}"
EndProject
Global
	GlobalSection(SolutionConfigurationPlatforms) = preSolution
		Debug|Any CPU = Debug|Any CPU
		Release|Any CPU = Release|Any CPU
	EndGlobalSection
	GlobalSection(ProjectConfigurationPlatforms) = postSolution
		{FBAC7072-D7D5-492F-9F73-F7DA091C229F}.Debug|Any CPU.ActiveCfg = Debug|Any CPU
		{FBAC7072-D7D5-492F-9F73-F7DA091C229F}.Debug|Any CPU.Build.0 = Debug|Any CPU
		{FBAC7072-D7D5-492F-9F73-F7DA091C229F}.Debug|Any CPU.Deploy.0 = Debug|Any CPU
		{FBAC7072-D7D5-492F-9F73-F7DA091C229F}.Release|Any CPU.ActiveCfg = Release|Any CPU
		{FBAC7072-D7D5-492F-9F73-F7DA091C229F}.Release|Any CPU.Build.0 = Release|Any CPU
		{FBAC7072-D7D5-492F-9F73-F7DA091C229F}.Release|Any CPU.Deploy.0 = Release|Any CPU
	EndGlobalSection
	GlobalSection(SolutionProperties) = preSolution
		HideSolutionNode = FALSE
	EndGlobalSection
	GlobalSection(ExtensibilityGlobals) = postSolution
		SolutionGuid = {B6520EB4-CC73-4FE8-804D-F01DA911B160}
	EndGlobalSection
EndGlobal
